
Microsoft Visual Studio Solution File, Format Version 12.00
# Visual Studio 15
Project("{FAE04EC0-301F-11D3-BF4B-00C04F79EFBC}") = "AllInOneSampleApp.Android", "AllInOneSampleApp.Android\AllInOneSampleApp.Android.csproj", "{A5457B9B-B4E3-4884-B084-A0CF08C57CC2}"
EndProject
Project("{FAE04EC0-301F-11D3-BF4B-00C04F79EFBC}") = "AllInOneSampleApp.iOS", "AllInOneSampleApp.iOS\AllInOneSampleApp.iOS.csproj", "{79650573-8822-4FA2-8473-9AFC3F36FDB7}"
EndProject
Project("{FAE04EC0-301F-11D3-BF4B-00C04F79EFBC}") = "AllInOneSampleApp", "AllInOneSampleApp\AllInOneSampleApp.csproj", "{18BF8D57-0064-4A5E-98B6-1E6D586DD4BC}"
EndProject
Global
	GlobalSection(SolutionConfigurationPlatforms) = preSolution
		Debug|Any CPU = Debug|Any CPU
		Release|Any CPU = Release|Any CPU
		Debug|iPhoneSimulator = Debug|iPhoneSimulator
		Release|iPhoneSimulator = Release|iPhoneSimulator
		Debug|iPhone = Debug|iPhone
		Release|iPhone = Release|iPhone
	EndGlobalSection
	GlobalSection(ProjectConfigurationPlatforms) = postSolution
		{A5457B9B-B4E3-4884-B084-A0CF08C57CC2}.Debug|Any CPU.ActiveCfg = Debug|Any CPU
		{A5457B9B-B4E3-4884-B084-A0CF08C57CC2}.Debug|Any CPU.Build.0 = Debug|Any CPU
		{A5457B9B-B4E3-4884-B084-A0CF08C57CC2}.Release|Any CPU.ActiveCfg = Release|Any CPU
		{A5457B9B-B4E3-4884-B084-A0CF08C57CC2}.Release|Any CPU.Build.0 = Release|Any CPU
		{A5457B9B-B4E3-4884-B084-A0CF08C57CC2}.Debug|iPhoneSimulator.ActiveCfg = Debug|Any CPU
		{A5457B9B-B4E3-4884-B084-A0CF08C57CC2}.Debug|iPhoneSimulator.Build.0 = Debug|Any CPU
		{A5457B9B-B4E3-4884-B084-A0CF08C57CC2}.Release|iPhoneSimulator.ActiveCfg = Release|Any CPU
		{A5457B9B-B4E3-4884-B084-A0CF08C57CC2}.Release|iPhoneSimulator.Build.0 = Release|Any CPU
		{A5457B9B-B4E3-4884-B084-A0CF08C57CC2}.Debug|iPhone.ActiveCfg = Debug|Any CPU
		{A5457B9B-B4E3-4884-B084-A0CF08C57CC2}.Debug|iPhone.Build.0 = Debug|Any CPU
		{A5457B9B-B4E3-4884-B084-A0CF08C57CC2}.Release|iPhone.ActiveCfg = Release|Any CPU
		{A5457B9B-B4E3-4884-B084-A0CF08C57CC2}.Release|iPhone.Build.0 = Release|Any CPU
		{79650573-8822-4FA2-8473-9AFC3F36FDB7}.Debug|Any CPU.ActiveCfg = Debug|iPhoneSimulator
		{79650573-8822-4FA2-8473-9AFC3F36FDB7}.Debug|Any CPU.Build.0 = Debug|iPhoneSimulator
		{79650573-8822-4FA2-8473-9AFC3F36FDB7}.Release|Any CPU.ActiveCfg = Release|iPhoneSimulator
		{79650573-8822-4FA2-8473-9AFC3F36FDB7}.Release|Any CPU.Build.0 = Release|iPhoneSimulator
		{79650573-8822-4FA2-8473-9AFC3F36FDB7}.Debug|iPhoneSimulator.ActiveCfg = Debug|iPhoneSimulator
		{79650573-8822-4FA2-8473-9AFC3F36FDB7}.Debug|iPhoneSimulator.Build.0 = Debug|iPhoneSimulator
		{79650573-8822-4FA2-8473-9AFC3F36FDB7}.Release|iPhoneSimulator.ActiveCfg = Release|iPhoneSimulator
		{79650573-8822-4FA2-8473-9AFC3F36FDB7}.Release|iPhoneSimulator.Build.0 = Release|iPhoneSimulator
		{79650573-8822-4FA2-8473-9AFC3F36FDB7}.Debug|iPhone.ActiveCfg = Debug|iPhone
		{79650573-8822-4FA2-8473-9AFC3F36FDB7}.Debug|iPhone.Build.0 = Debug|iPhone
		{79650573-8822-4FA2-8473-9AFC3F36FDB7}.Release|iPhone.ActiveCfg = Release|iPhone
		{79650573-8822-4FA2-8473-9AFC3F36FDB7}.Release|iPhone.Build.0 = Release|iPhone
		{18BF8D57-0064-4A5E-98B6-1E6D586DD4BC}.Debug|Any CPU.ActiveCfg = Debug|Any CPU
		{18BF8D57-0064-4A5E-98B6-1E6D586DD4BC}.Debug|Any CPU.Build.0 = Debug|Any CPU
		{18BF8D57-0064-4A5E-98B6-1E6D586DD4BC}.Release|Any CPU.ActiveCfg = Release|Any CPU
		{18BF8D57-0064-4A5E-98B6-1E6D586DD4BC}.Release|Any CPU.Build.0 = Release|Any CPU
		{18BF8D57-0064-4A5E-98B6-1E6D586DD4BC}.Debug|iPhoneSimulator.ActiveCfg = Debug|Any CPU
		{18BF8D57-0064-4A5E-98B6-1E6D586DD4BC}.Debug|iPhoneSimulator.Build.0 = Debug|Any CPU
		{18BF8D57-0064-4A5E-98B6-1E6D586DD4BC}.Release|iPhoneSimulator.ActiveCfg = Release|Any CPU
		{18BF8D57-0064-4A5E-98B6-1E6D586DD4BC}.Release|iPhoneSimulator.Build.0 = Release|Any CPU
		{18BF8D57-0064-4A5E-98B6-1E6D586DD4BC}.Debug|iPhone.ActiveCfg = Debug|Any CPU
		{18BF8D57-0064-4A5E-98B6-1E6D586DD4BC}.Debug|iPhone.Build.0 = Debug|Any CPU
		{18BF8D57-0064-4A5E-98B6-1E6D586DD4BC}.Release|iPhone.ActiveCfg = Release|Any CPU
		{18BF8D57-0064-4A5E-98B6-1E6D586DD4BC}.Release|iPhone.Build.0 = Release|Any CPU
	EndGlobalSection
EndGlobal
